// !$*UTF8*$!
{
	archiveVersion = 1;
	classes = {
	};
	objectVersion = 55;
	objects = {

/* Begin PBXBuildFile section */
		D1264989287747EF00958660 /* Tests_iOS.swift in Sources */ = {isa = PBXBuildFile; fileRef = D1264988287747EF00958660 /* Tests_iOS.swift */; };
		D126498B287747EF00958660 /* Tests_iOSLaunchTests.swift in Sources */ = {isa = PBXBuildFile; fileRef = D126498A287747EF00958660 /* Tests_iOSLaunchTests.swift */; };
		D1264995287747EF00958660 /* Tests_macOS.swift in Sources */ = {isa = PBXBuildFile; fileRef = D1264994287747EF00958660 /* Tests_macOS.swift */; };
		D1264997287747EF00958660 /* Tests_macOSLaunchTests.swift in Sources */ = {isa = PBXBuildFile; fileRef = D1264996287747EF00958660 /* Tests_macOSLaunchTests.swift */; };
		D1264998287747EF00958660 /* _0220707_AlekhyaTondapu_NYCSchoolsApp.swift in Sources */ = {isa = PBXBuildFile; fileRef = D1264970287747E900958660 /* _0220707_AlekhyaTondapu_NYCSchoolsApp.swift */; };
		D1264999287747EF00958660 /* _0220707_AlekhyaTondapu_NYCSchoolsApp.swift in Sources */ = {isa = PBXBuildFile; fileRef = D1264970287747E900958660 /* _0220707_AlekhyaTondapu_NYCSchoolsApp.swift */; };
		D126499A287747EF00958660 /* ContentView.swift in Sources */ = {isa = PBXBuildFile; fileRef = D1264971287747E900958660 /* ContentView.swift */; };
		D126499B287747EF00958660 /* ContentView.swift in Sources */ = {isa = PBXBuildFile; fileRef = D1264971287747E900958660 /* ContentView.swift */; };
		D126499C287747EF00958660 /* Assets.xcassets in Resources */ = {isa = PBXBuildFile; fileRef = D1264972287747EF00958660 /* Assets.xcassets */; };
		D126499D287747EF00958660 /* Assets.xcassets in Resources */ = {isa = PBXBuildFile; fileRef = D1264972287747EF00958660 /* Assets.xcassets */; };
		D12649B22877503A00958660 /* nycSchoolNames.json in Resources */ = {isa = PBXBuildFile; fileRef = D12649B12877503A00958660 /* nycSchoolNames.json */; };
		D12649B42877507100958660 /* satScoresData.json in Resources */ = {isa = PBXBuildFile; fileRef = D12649B32877507100958660 /* satScoresData.json */; };
		D12649B8287750FA00958660 /* SchoolNamesData.swift in Sources */ = {isa = PBXBuildFile; fileRef = D12649B7287750FA00958660 /* SchoolNamesData.swift */; };
		D12649BA2877518C00958660 /* ModelData.swift in Sources */ = {isa = PBXBuildFile; fileRef = D12649B92877518C00958660 /* ModelData.swift */; };
		D12649C228775BD400958660 /* SchoolNameRow.swift in Sources */ = {isa = PBXBuildFile; fileRef = D12649C128775BD400958660 /* SchoolNameRow.swift */; };
		D12649C42877610F00958660 /* SchoolNameRow.swift in Sources */ = {isa = PBXBuildFile; fileRef = D12649C128775BD400958660 /* SchoolNameRow.swift */; };
		D12649C628776A9B00958660 /* SchoolSatScores.swift in Sources */ = {isa = PBXBuildFile; fileRef = D12649C528776A9A00958660 /* SchoolSatScores.swift */; };
		D12649C728776A9B00958660 /* SchoolSatScores.swift in Sources */ = {isa = PBXBuildFile; fileRef = D12649C528776A9A00958660 /* SchoolSatScores.swift */; };
		D12649C928776E3A00958660 /* SchoolSatScoreData.swift in Sources */ = {isa = PBXBuildFile; fileRef = D12649C828776E3A00958660 /* SchoolSatScoreData.swift */; };
		D12649CA28776E3A00958660 /* SchoolSatScoreData.swift in Sources */ = {isa = PBXBuildFile; fileRef = D12649C828776E3A00958660 /* SchoolSatScoreData.swift */; };
		D12649CD2877733700958660 /* SchoolSatScoreVM.swift in Sources */ = {isa = PBXBuildFile; fileRef = D12649CC2877733700958660 /* SchoolSatScoreVM.swift */; };
		D12649CE2877733700958660 /* SchoolSatScoreVM.swift in Sources */ = {isa = PBXBuildFile; fileRef = D12649CC2877733700958660 /* SchoolSatScoreVM.swift */; };
		D12649D028779D5700958660 /* MapView.swift in Sources */ = {isa = PBXBuildFile; fileRef = D12649CF28779D5700958660 /* MapView.swift */; };
		D12649D128779D5700958660 /* MapView.swift in Sources */ = {isa = PBXBuildFile; fileRef = D12649CF28779D5700958660 /* MapView.swift */; };
/* End PBXBuildFile section */

/* Begin PBXContainerItemProxy section */
		D1264985287747EF00958660 /* PBXContainerItemProxy */ = {
			isa = PBXContainerItemProxy;
			containerPortal = D126496B287747E800958660 /* Project object */;
			proxyType = 1;
			remoteGlobalIDString = D1264976287747EF00958660;
			remoteInfo = "20220707-AlekhyaTondapu-NYCSchools (iOS)";
		};
		D1264991287747EF00958660 /* PBXContainerItemProxy */ = {
			isa = PBXContainerItemProxy;
			containerPortal = D126496B287747E800958660 /* Project object */;
			proxyType = 1;
			remoteGlobalIDString = D126497C287747EF00958660;
			remoteInfo = "20220707-AlekhyaTondapu-NYCSchools (macOS)";
		};
/* End PBXContainerItemProxy section */

/* Begin PBXFileReference section */
		D1264970287747E900958660 /* _0220707_AlekhyaTondapu_NYCSchoolsApp.swift */ = {isa = PBXFileReference; lastKnownFileType = sourcecode.swift; path = _0220707_AlekhyaTondapu_NYCSchoolsApp.swift; sourceTree = "<group>"; };
		D1264971287747E900958660 /* ContentView.swift */ = {isa = PBXFileReference; lastKnownFileType = sourcecode.swift; path = ContentView.swift; sourceTree = "<group>"; };
		D1264972287747EF00958660 /* Assets.xcassets */ = {isa = PBXFileReference; lastKnownFileType = folder.assetcatalog; path = Assets.xcassets; sourceTree = "<group>"; };
		D1264977287747EF00958660 /* 20220707-AlekhyaTondapu-NYCSchools.app */ = {isa = PBXFileReference; explicitFileType = wrapper.application; includeInIndex = 0; path = "20220707-AlekhyaTondapu-NYCSchools.app"; sourceTree = BUILT_PRODUCTS_DIR; };
		D126497D287747EF00958660 /* 20220707-AlekhyaTondapu-NYCSchools.app */ = {isa = PBXFileReference; explicitFileType = wrapper.application; includeInIndex = 0; path = "20220707-AlekhyaTondapu-NYCSchools.app"; sourceTree = BUILT_PRODUCTS_DIR; };
		D126497F287747EF00958660 /* macOS.entitlements */ = {isa = PBXFileReference; lastKnownFileType = text.plist.entitlements; path = macOS.entitlements; sourceTree = "<group>"; };
		D1264984287747EF00958660 /* Tests iOS.xctest */ = {isa = PBXFileReference; explicitFileType = wrapper.cfbundle; includeInIndex = 0; path = "Tests iOS.xctest"; sourceTree = BUILT_PRODUCTS_DIR; };
		D1264988287747EF00958660 /* Tests_iOS.swift */ = {isa = PBXFileReference; lastKnownFileType = sourcecode.swift; path = Tests_iOS.swift; sourceTree = "<group>"; };
		D126498A287747EF00958660 /* Tests_iOSLaunchTests.swift */ = {isa = PBXFileReference; lastKnownFileType = sourcecode.swift; path = Tests_iOSLaunchTests.swift; sourceTree = "<group>"; };
		D1264990287747EF00958660 /* Tests macOS.xctest */ = {isa = PBXFileReference; explicitFileType = wrapper.cfbundle; includeInIndex = 0; path = "Tests macOS.xctest"; sourceTree = BUILT_PRODUCTS_DIR; };
		D1264994287747EF00958660 /* Tests_macOS.swift */ = {isa = PBXFileReference; lastKnownFileType = sourcecode.swift; path = Tests_macOS.swift; sourceTree = "<group>"; };
		D1264996287747EF00958660 /* Tests_macOSLaunchTests.swift */ = {isa = PBXFileReference; lastKnownFileType = sourcecode.swift; path = Tests_macOSLaunchTests.swift; sourceTree = "<group>"; };
		D12649B12877503A00958660 /* nycSchoolNames.json */ = {isa = PBXFileReference; fileEncoding = 4; lastKnownFileType = text.json; path = nycSchoolNames.json; sourceTree = "<group>"; };
		D12649B32877507100958660 /* satScoresData.json */ = {isa = PBXFileReference; fileEncoding = 4; lastKnownFileType = text.json; path = satScoresData.json; sourceTree = "<group>"; };
		D12649B7287750FA00958660 /* SchoolNamesData.swift */ = {isa = PBXFileReference; lastKnownFileType = sourcecode.swift; path = SchoolNamesData.swift; sourceTree = "<group>"; };
		D12649B92877518C00958660 /* ModelData.swift */ = {isa = PBXFileReference; lastKnownFileType = sourcecode.swift; path = ModelData.swift; sourceTree = "<group>"; };
		D12649C128775BD400958660 /* SchoolNameRow.swift */ = {isa = PBXFileReference; lastKnownFileType = sourcecode.swift; path = SchoolNameRow.swift; sourceTree = "<group>"; };
		D12649C528776A9A00958660 /* SchoolSatScores.swift */ = {isa = PBXFileReference; lastKnownFileType = sourcecode.swift; path = SchoolSatScores.swift; sourceTree = "<group>"; };
		D12649C828776E3A00958660 /* SchoolSatScoreData.swift */ = {isa = PBXFileReference; lastKnownFileType = sourcecode.swift; path = SchoolSatScoreData.swift; sourceTree = "<group>"; };
		D12649CC2877733700958660 /* SchoolSatScoreVM.swift */ = {isa = PBXFileReference; lastKnownFileType = sourcecode.swift; path = SchoolSatScoreVM.swift; sourceTree = "<group>"; };
		D12649CF28779D5700958660 /* MapView.swift */ = {isa = PBXFileReference; lastKnownFileType = sourcecode.swift; path = MapView.swift; sourceTree = "<group>"; };
/* End PBXFileReference section */

/* Begin PBXFrameworksBuildPhase section */
		D1264974287747EF00958660 /* Frameworks */ = {
			isa = PBXFrameworksBuildPhase;
			buildActionMask = 2147483647;
			files = (
			);
			runOnlyForDeploymentPostprocessing = 0;
		};
		D126497A287747EF00958660 /* Frameworks */ = {
			isa = PBXFrameworksBuildPhase;
			buildActionMask = 2147483647;
			files = (
			);
			runOnlyForDeploymentPostprocessing = 0;
		};
		D1264981287747EF00958660 /* Frameworks */ = {
			isa = PBXFrameworksBuildPhase;
			buildActionMask = 2147483647;
			files = (
			);
			runOnlyForDeploymentPostprocessing = 0;
		};
		D126498D287747EF00958660 /* Frameworks */ = {
			isa = PBXFrameworksBuildPhase;
			buildActionMask = 2147483647;
			files = (
			);
			runOnlyForDeploymentPostprocessing = 0;
		};
/* End PBXFrameworksBuildPhase section */

/* Begin PBXGroup section */
		D126496A287747E800958660 = {
			isa = PBXGroup;
			children = (
				D126496F287747E900958660 /* Shared */,
				D126497E287747EF00958660 /* macOS */,
				D1264987287747EF00958660 /* Tests iOS */,
				D1264993287747EF00958660 /* Tests macOS */,
				D1264978287747EF00958660 /* Products */,
			);
			sourceTree = "<group>";
		};
		D126496F287747E900958660 /* Shared */ = {
			isa = PBXGroup;
			children = (
				D1264970287747E900958660 /* _0220707_AlekhyaTondapu_NYCSchoolsApp.swift */,
				D12649AD28774EAB00958660 /* Views */,
				D12649AC28774E9500958660 /* Model */,
				D12649CB287772F000958660 /* ViewModal */,
				D12649B028774F0600958660 /* Resources */,
				D1264972287747EF00958660 /* Assets.xcassets */,
			);
			path = Shared;
			sourceTree = "<group>";
		};
		D1264978287747EF00958660 /* Products */ = {
			isa = PBXGroup;
			children = (
				D1264977287747EF00958660 /* 20220707-AlekhyaTondapu-NYCSchools.app */,
				D126497D287747EF00958660 /* 20220707-AlekhyaTondapu-NYCSchools.app */,
				D1264984287747EF00958660 /* Tests iOS.xctest */,
				D1264990287747EF00958660 /* Tests macOS.xctest */,
			);
			name = Products;
			sourceTree = "<group>";
		};
		D126497E287747EF00958660 /* macOS */ = {
			isa = PBXGroup;
			children = (
				D126497F287747EF00958660 /* macOS.entitlements */,
			);
			path = macOS;
			sourceTree = "<group>";
		};
		D1264987287747EF00958660 /* Tests iOS */ = {
			isa = PBXGroup;
			children = (
				D1264988287747EF00958660 /* Tests_iOS.swift */,
				D126498A287747EF00958660 /* Tests_iOSLaunchTests.swift */,
			);
			path = "Tests iOS";
			sourceTree = "<group>";
		};
		D1264993287747EF00958660 /* Tests macOS */ = {
			isa = PBXGroup;
			children = (
				D1264994287747EF00958660 /* Tests_macOS.swift */,
				D1264996287747EF00958660 /* Tests_macOSLaunchTests.swift */,
			);
			path = "Tests macOS";
			sourceTree = "<group>";
		};
		D12649AC28774E9500958660 /* Model */ = {
			isa = PBXGroup;
			children = (
				D12649B7287750FA00958660 /* SchoolNamesData.swift */,
				D12649C828776E3A00958660 /* SchoolSatScoreData.swift */,
				D12649B92877518C00958660 /* ModelData.swift */,
			);
			path = Model;
			sourceTree = "<group>";
		};
		D12649AD28774EAB00958660 /* Views */ = {
			isa = PBXGroup;
			children = (
				D1264971287747E900958660 /* ContentView.swift */,
				D12649C128775BD400958660 /* SchoolNameRow.swift */,
				D12649C528776A9A00958660 /* SchoolSatScores.swift */,
				D12649CF28779D5700958660 /* MapView.swift */,
			);
			path = Views;
			sourceTree = "<group>";
		};
		D12649B028774F0600958660 /* Resources */ = {
			isa = PBXGroup;
			children = (
				D12649B12877503A00958660 /* nycSchoolNames.json */,
				D12649B32877507100958660 /* satScoresData.json */,
			);
			path = Resources;
			sourceTree = "<group>";
		};
		D12649CB287772F000958660 /* ViewModal */ = {
			isa = PBXGroup;
			children = (
				D12649CC2877733700958660 /* SchoolSatScoreVM.swift */,
			);
			path = ViewModal;
			sourceTree = "<group>";
		};
/* End PBXGroup section */

/* Begin PBXNativeTarget section */
		D1264976287747EF00958660 /* 20220707-AlekhyaTondapu-NYCSchools (iOS) */ = {
			isa = PBXNativeTarget;
			buildConfigurationList = D12649A0287747EF00958660 /* Build configuration list for PBXNativeTarget "20220707-AlekhyaTondapu-NYCSchools (iOS)" */;
			buildPhases = (
				D1264973287747EF00958660 /* Sources */,
				D1264974287747EF00958660 /* Frameworks */,
				D1264975287747EF00958660 /* Resources */,
			);
			buildRules = (
			);
			dependencies = (
			);
			name = "20220707-AlekhyaTondapu-NYCSchools (iOS)";
			productName = "20220707-AlekhyaTondapu-NYCSchools (iOS)";
			productReference = D1264977287747EF00958660 /* 20220707-AlekhyaTondapu-NYCSchools.app */;
			productType = "com.apple.product-type.application";
		};
		D126497C287747EF00958660 /* 20220707-AlekhyaTondapu-NYCSchools (macOS) */ = {
			isa = PBXNativeTarget;
			buildConfigurationList = D12649A3287747EF00958660 /* Build configuration list for PBXNativeTarget "20220707-AlekhyaTondapu-NYCSchools (macOS)" */;
			buildPhases = (
				D1264979287747EF00958660 /* Sources */,
				D126497A287747EF00958660 /* Frameworks */,
				D126497B287747EF00958660 /* Resources */,
			);
			buildRules = (
			);
			dependencies = (
			);
			name = "20220707-AlekhyaTondapu-NYCSchools (macOS)";
			productName = "20220707-AlekhyaTondapu-NYCSchools (macOS)";
			productReference = D126497D287747EF00958660 /* 20220707-AlekhyaTondapu-NYCSchools.app */;
			productType = "com.apple.product-type.application";
		};
		D1264983287747EF00958660 /* Tests iOS */ = {
			isa = PBXNativeTarget;
			buildConfigurationList = D12649A6287747EF00958660 /* Build configuration list for PBXNativeTarget "Tests iOS" */;
			buildPhases = (
				D1264980287747EF00958660 /* Sources */,
				D1264981287747EF00958660 /* Frameworks */,
				D1264982287747EF00958660 /* Resources */,
			);
			buildRules = (
			);
			dependencies = (
				D1264986287747EF00958660 /* PBXTargetDependency */,
			);
			name = "Tests iOS";
			productName = "Tests iOS";
			productReference = D1264984287747EF00958660 /* Tests iOS.xctest */;
			productType = "com.apple.product-type.bundle.ui-testing";
		};
		D126498F287747EF00958660 /* Tests macOS */ = {
			isa = PBXNativeTarget;
			buildConfigurationList = D12649A9287747EF00958660 /* Build configuration list for PBXNativeTarget "Tests macOS" */;
			buildPhases = (
				D126498C287747EF00958660 /* Sources */,
				D126498D287747EF00958660 /* Frameworks */,
				D126498E287747EF00958660 /* Resources */,
			);
			buildRules = (
			);
			dependencies = (
				D1264992287747EF00958660 /* PBXTargetDependency */,
			);
			name = "Tests macOS";
			productName = "Tests macOS";
			productReference = D1264990287747EF00958660 /* Tests macOS.xctest */;
			productType = "com.apple.product-type.bundle.ui-testing";
		};
/* End PBXNativeTarget section */

/* Begin PBXProject section */
		D126496B287747E800958660 /* Project object */ = {
			isa = PBXProject;
			attributes = {
				BuildIndependentTargetsInParallel = 1;
				LastSwiftUpdateCheck = 1320;
				LastUpgradeCheck = 1320;
				TargetAttributes = {
					D1264976287747EF00958660 = {
						CreatedOnToolsVersion = 13.2.1;
					};
					D126497C287747EF00958660 = {
						CreatedOnToolsVersion = 13.2.1;
					};
					D1264983287747EF00958660 = {
						CreatedOnToolsVersion = 13.2.1;
						TestTargetID = D1264976287747EF00958660;
					};
					D126498F287747EF00958660 = {
						CreatedOnToolsVersion = 13.2.1;
						TestTargetID = D126497C287747EF00958660;
					};
				};
			};
			buildConfigurationList = D126496E287747E800958660 /* Build configuration list for PBXProject "20220707-AlekhyaTondapu-NYCSchools" */;
			compatibilityVersion = "Xcode 13.0";
			developmentRegion = en;
			hasScannedForEncodings = 0;
			knownRegions = (
				en,
				Base,
			);
			mainGroup = D126496A287747E800958660;
			productRefGroup = D1264978287747EF00958660 /* Products */;
			projectDirPath = "";
			projectRoot = "";
			targets = (
				D1264976287747EF00958660 /* 20220707-AlekhyaTondapu-NYCSchools (iOS) */,
				D126497C287747EF00958660 /* 20220707-AlekhyaTondapu-NYCSchools (macOS) */,
				D1264983287747EF00958660 /* Tests iOS */,
				D126498F287747EF00958660 /* Tests macOS */,
			);
		};
/* End PBXProject section */

/* Begin PBXResourcesBuildPhase section */
		D1264975287747EF00958660 /* Resources */ = {
			isa = PBXResourcesBuildPhase;
			buildActionMask = 2147483647;
			files = (
				D126499C287747EF00958660 /* Assets.xcassets in Resources */,
				D12649B42877507100958660 /* satScoresData.json in Resources */,
				D12649B22877503A00958660 /* nycSchoolNames.json in Resources */,
			);
			runOnlyForDeploymentPostprocessing = 0;
		};
		D126497B287747EF00958660 /* Resources */ = {
			isa = PBXResourcesBuildPhase;
			buildActionMask = 2147483647;
			files = (
				D126499D287747EF00958660 /* Assets.xcassets in Resources */,
			);
			runOnlyForDeploymentPostprocessing = 0;
		};
		D1264982287747EF00958660 /* Resources */ = {
			isa = PBXResourcesBuildPhase;
			buildActionMask = 2147483647;
			files = (
			);
			runOnlyForDeploymentPostprocessing = 0;
		};
		D126498E287747EF00958660 /* Resources */ = {
			isa = PBXResourcesBuildPhase;
			buildActionMask = 2147483647;
			files = (
			);
			runOnlyForDeploymentPostprocessing = 0;
		};
/* End PBXResourcesBuildPhase section */

/* Begin PBXSourcesBuildPhase section */
		D1264973287747EF00958660 /* Sources */ = {
			isa = PBXSourcesBuildPhase;
			buildActionMask = 2147483647;
			files = (
				D126499A287747EF00958660 /* ContentView.swift in Sources */,
				D12649CD2877733700958660 /* SchoolSatScoreVM.swift in Sources */,
				D12649C928776E3A00958660 /* SchoolSatScoreData.swift in Sources */,
				D12649BA2877518C00958660 /* ModelData.swift in Sources */,
				D1264998287747EF00958660 /* _0220707_AlekhyaTondapu_NYCSchoolsApp.swift in Sources */,
				D12649C628776A9B00958660 /* SchoolSatScores.swift in Sources */,
				D12649C228775BD400958660 /* SchoolNameRow.swift in Sources */,
				D12649D028779D5700958660 /* MapView.swift in Sources */,
				D12649B8287750FA00958660 /* SchoolNamesData.swift in Sources */,
			);
			runOnlyForDeploymentPostprocessing = 0;
		};
		D1264979287747EF00958660 /* Sources */ = {
			isa = PBXSourcesBuildPhase;
			buildActionMask = 2147483647;
			files = (
				D126499B287747EF00958660 /* ContentView.swift in Sources */,
				D12649D128779D5700958660 /* MapView.swift in Sources */,
				D12649CE2877733700958660 /* SchoolSatScoreVM.swift in Sources */,
				D1264999287747EF00958660 /* _0220707_AlekhyaTondapu_NYCSchoolsApp.swift in Sources */,
				D12649CA28776E3A00958660 /* SchoolSatScoreData.swift in Sources */,
				D12649C728776A9B00958660 /* SchoolSatScores.swift in Sources */,
				D12649C42877610F00958660 /* SchoolNameRow.swift in Sources */,
			);
			runOnlyForDeploymentPostprocessing = 0;
		};
		D1264980287747EF00958660 /* Sources */ = {
			isa = PBXSourcesBuildPhase;
			buildActionMask = 2147483647;
			files = (
				D126498B287747EF00958660 /* Tests_iOSLaunchTests.swift in Sources */,
				D1264989287747EF00958660 /* Tests_iOS.swift in Sources */,
			);
			runOnlyForDeploymentPostprocessing = 0;
		};
		D126498C287747EF00958660 /* Sources */ = {
			isa = PBXSourcesBuildPhase;
			buildActionMask = 2147483647;
			files = (
				D1264997287747EF00958660 /* Tests_macOSLaunchTests.swift in Sources */,
				D1264995287747EF00958660 /* Tests_macOS.swift in Sources */,
			);
			runOnlyForDeploymentPostprocessing = 0;
		};
/* End PBXSourcesBuildPhase section */

/* Begin PBXTargetDependency section */
		D1264986287747EF00958660 /* PBXTargetDependency */ = {
			isa = PBXTargetDependency;
			target = D1264976287747EF00958660 /* 20220707-AlekhyaTondapu-NYCSchools (iOS) */;
			targetProxy = D1264985287747EF00958660 /* PBXContainerItemProxy */;
		};
		D1264992287747EF00958660 /* PBXTargetDependency */ = {
			isa = PBXTargetDependency;
			target = D126497C287747EF00958660 /* 20220707-AlekhyaTondapu-NYCSchools (macOS) */;
			targetProxy = D1264991287747EF00958660 /* PBXContainerItemProxy */;
		};
/* End PBXTargetDependency section */

/* Begin XCBuildConfiguration section */
		D126499E287747EF00958660 /* Debug */ = {
			isa = XCBuildConfiguration;
			buildSettings = {
				ALWAYS_SEARCH_USER_PATHS = NO;
				CLANG_ANALYZER_NONNULL = YES;
				CLANG_ANALYZER_NUMBER_OBJECT_CONVERSION = YES_AGGRESSIVE;
				CLANG_CXX_LANGUAGE_STANDARD = "gnu++17";
				CLANG_CXX_LIBRARY = "libc++";
				CLANG_ENABLE_MODULES = YES;
				CLANG_ENABLE_OBJC_ARC = YES;
				CLANG_ENABLE_OBJC_WEAK = YES;
				CLANG_WARN_BLOCK_CAPTURE_AUTORELEASING = YES;
				CLANG_WARN_BOOL_CONVERSION = YES;
				CLANG_WARN_COMMA = YES;
				CLANG_WARN_CONSTANT_CONVERSION = YES;
				CLANG_WARN_DEPRECATED_OBJC_IMPLEMENTATIONS = YES;
				CLANG_WARN_DIRECT_OBJC_ISA_USAGE = YES_ERROR;
				CLANG_WARN_DOCUMENTATION_COMMENTS = YES;
				CLANG_WARN_EMPTY_BODY = YES;
				CLANG_WARN_ENUM_CONVERSION = YES;
				CLANG_WARN_INFINITE_RECURSION = YES;
				CLANG_WARN_INT_CONVERSION = YES;
				CLANG_WARN_NON_LITERAL_NULL_CONVERSION = YES;
				CLANG_WARN_OBJC_IMPLICIT_RETAIN_SELF = YES;
				CLANG_WARN_OBJC_LITERAL_CONVERSION = YES;
				CLANG_WARN_OBJC_ROOT_CLASS = YES_ERROR;
				CLANG_WARN_QUOTED_INCLUDE_IN_FRAMEWORK_HEADER = YES;
				CLANG_WARN_RANGE_LOOP_ANALYSIS = YES;
				CLANG_WARN_STRICT_PROTOTYPES = YES;
				CLANG_WARN_SUSPICIOUS_MOVE = YES;
				CLANG_WARN_UNGUARDED_AVAILABILITY = YES_AGGRESSIVE;
				CLANG_WARN_UNREACHABLE_CODE = YES;
				CLANG_WARN__DUPLICATE_METHOD_MATCH = YES;
				COPY_PHASE_STRIP = NO;
				DEBUG_INFORMATION_FORMAT = dwarf;
				ENABLE_STRICT_OBJC_MSGSEND = YES;
				ENABLE_TESTABILITY = YES;
				GCC_C_LANGUAGE_STANDARD = gnu11;
				GCC_DYNAMIC_NO_PIC = NO;
				GCC_NO_COMMON_BLOCKS = YES;
				GCC_OPTIMIZATION_LEVEL = 0;
				GCC_PREPROCESSOR_DEFINITIONS = (
					"DEBUG=1",
					"$(inherited)",
				);
				GCC_WARN_64_TO_32_BIT_CONVERSION = YES;
				GCC_WARN_ABOUT_RETURN_TYPE = YES_ERROR;
				GCC_WARN_UNDECLARED_SELECTOR = YES;
				GCC_WARN_UNINITIALIZED_AUTOS = YES_AGGRESSIVE;
				GCC_WARN_UNUSED_FUNCTION = YES;
				GCC_WARN_UNUSED_VARIABLE = YES;
				MTL_ENABLE_DEBUG_INFO = INCLUDE_SOURCE;
				MTL_FAST_MATH = YES;
				ONLY_ACTIVE_ARCH = YES;
				SWIFT_ACTIVE_COMPILATION_CONDITIONS = DEBUG;
				SWIFT_OPTIMIZATION_LEVEL = "-Onone";
			};
			name = Debug;
		};
		D126499F287747EF00958660 /* Release */ = {
			isa = XCBuildConfiguration;
			buildSettings = {
				ALWAYS_SEARCH_USER_PATHS = NO;
				CLANG_ANALYZER_NONNULL = YES;
				CLANG_ANALYZER_NUMBER_OBJECT_CONVERSION = YES_AGGRESSIVE;
				CLANG_CXX_LANGUAGE_STANDARD = "gnu++17";
				CLANG_CXX_LIBRARY = "libc++";
				CLANG_ENABLE_MODULES = YES;
				CLANG_ENABLE_OBJC_ARC = YES;
				CLANG_ENABLE_OBJC_WEAK = YES;
				CLANG_WARN_BLOCK_CAPTURE_AUTORELEASING = YES;
				CLANG_WARN_BOOL_CONVERSION = YES;
				CLANG_WARN_COMMA = YES;
				CLANG_WARN_CONSTANT_CONVERSION = YES;
				CLANG_WARN_DEPRECATED_OBJC_IMPLEMENTATIONS = YES;
				CLANG_WARN_DIRECT_OBJC_ISA_USAGE = YES_ERROR;
				CLANG_WARN_DOCUMENTATION_COMMENTS = YES;
				CLANG_WARN_EMPTY_BODY = YES;
				CLANG_WARN_ENUM_CONVERSION = YES;
				CLANG_WARN_INFINITE_RECURSION = YES;
				CLANG_WARN_INT_CONVERSION = YES;
				CLANG_WARN_NON_LITERAL_NULL_CONVERSION = YES;
				CLANG_WARN_OBJC_IMPLICIT_RETAIN_SELF = YES;
				CLANG_WARN_OBJC_LITERAL_CONVERSION = YES;
				CLANG_WARN_OBJC_ROOT_CLASS = YES_ERROR;
				CLANG_WARN_QUOTED_INCLUDE_IN_FRAMEWORK_HEADER = YES;
				CLANG_WARN_RANGE_LOOP_ANALYSIS = YES;
				CLANG_WARN_STRICT_PROTOTYPES = YES;
				CLANG_WARN_SUSPICIOUS_MOVE = YES;
				CLANG_WARN_UNGUARDED_AVAILABILITY = YES_AGGRESSIVE;
				CLANG_WARN_UNREACHABLE_CODE = YES;
				CLANG_WARN__DUPLICATE_METHOD_MATCH = YES;
				COPY_PHASE_STRIP = NO;
				DEBUG_INFORMATION_FORMAT = "dwarf-with-dsym";
				ENABLE_NS_ASSERTIONS = NO;
				ENABLE_STRICT_OBJC_MSGSEND = YES;
				GCC_C_LANGUAGE_STANDARD = gnu11;
				GCC_NO_COMMON_BLOCKS = YES;
				GCC_WARN_64_TO_32_BIT_CONVERSION = YES;
				GCC_WARN_ABOUT_RETURN_TYPE = YES_ERROR;
				GCC_WARN_UNDECLARED_SELECTOR = YES;
				GCC_WARN_UNINITIALIZED_AUTOS = YES_AGGRESSIVE;
				GCC_WARN_UNUSED_FUNCTION = YES;
				GCC_WARN_UNUSED_VARIABLE = YES;
				MTL_ENABLE_DEBUG_INFO = NO;
				MTL_FAST_MATH = YES;
				SWIFT_COMPILATION_MODE = wholemodule;
				SWIFT_OPTIMIZATION_LEVEL = "-O";
			};
			name = Release;
		};
		D12649A1287747EF00958660 /* Debug */ = {
			isa = XCBuildConfiguration;
			buildSettings = {
				ASSETCATALOG_COMPILER_APPICON_NAME = AppIcon;
				ASSETCATALOG_COMPILER_GLOBAL_ACCENT_COLOR_NAME = AccentColor;
				CODE_SIGN_STYLE = Automatic;
				CURRENT_PROJECT_VERSION = 1;
				DEVELOPMENT_TEAM = Q6M6S5RN22;
				ENABLE_PREVIEWS = YES;
				GENERATE_INFOPLIST_FILE = YES;
				INFOPLIST_KEY_UIApplicationSceneManifest_Generation = YES;
				INFOPLIST_KEY_UIApplicationSupportsIndirectInputEvents = YES;
				INFOPLIST_KEY_UILaunchScreen_Generation = YES;
				INFOPLIST_KEY_UISupportedInterfaceOrientations_iPad = "UIInterfaceOrientationPortrait UIInterfaceOrientationPortraitUpsideDown UIInterfaceOrientationLandscapeLeft UIInterfaceOrientationLandscapeRight";
				INFOPLIST_KEY_UISupportedInterfaceOrientations_iPhone = "UIInterfaceOrientationPortrait UIInterfaceOrientationLandscapeLeft UIInterfaceOrientationLandscapeRight";
				IPHONEOS_DEPLOYMENT_TARGET = 15.2;
				LD_RUNPATH_SEARCH_PATHS = (
					"$(inherited)",
					"@executable_path/Frameworks",
				);
				MARKETING_VERSION = 1.0;
				PRODUCT_BUNDLE_IDENTIFIER = "com.nycschool.-0220707-AlekhyaTondapu-NYCSchools";
				PRODUCT_NAME = "20220707-AlekhyaTondapu-NYCSchools";
				SDKROOT = iphoneos;
				SWIFT_EMIT_LOC_STRINGS = YES;
				SWIFT_VERSION = 5.0;
				TARGETED_DEVICE_FAMILY = "1,2";
			};
			name = Debug;
		};
		D12649A2287747EF00958660 /* Release */ = {
			isa = XCBuildConfiguration;
			buildSettings = {
				ASSETCATALOG_COMPILER_APPICON_NAME = AppIcon;
				ASSETCATALOG_COMPILER_GLOBAL_ACCENT_COLOR_NAME = AccentColor;
				CODE_SIGN_STYLE = Automatic;
				CURRENT_PROJECT_VERSION = 1;
				DEVELOPMENT_TEAM = Q6M6S5RN22;
				ENABLE_PREVIEWS = YES;
				GENERATE_INFOPLIST_FILE = YES;
				INFOPLIST_KEY_UIApplicationSceneManifest_Generation = YES;
				INFOPLIST_KEY_UIApplicationSupportsIndirectInputEvents = YES;
				INFOPLIST_KEY_UILaunchScreen_Generation = YES;
				INFOPLIST_KEY_UISupportedInterfaceOrientations_iPad = "UIInterfaceOrientationPortrait UIInterfaceOrientationPortraitUpsideDown UIInterfaceOrientationLandscapeLeft UIInterfaceOrientationLandscapeRight";
				INFOPLIST_KEY_UISupportedInterfaceOrientations_iPhone = "UIInterfaceOrientationPortrait UIInterfaceOrientationLandscapeLeft UIInterfaceOrientationLandscapeRight";
				IPHONEOS_DEPLOYMENT_TARGET = 15.2;
				LD_RUNPATH_SEARCH_PATHS = (
					"$(inherited)",
					"@executable_path/Frameworks",
				);
				MARKETING_VERSION = 1.0;
				PRODUCT_BUNDLE_IDENTIFIER = "com.nycschool.-0220707-AlekhyaTondapu-NYCSchools";
				PRODUCT_NAME = "20220707-AlekhyaTondapu-NYCSchools";
				SDKROOT = iphoneos;
				SWIFT_EMIT_LOC_STRINGS = YES;
				SWIFT_VERSION = 5.0;
				TARGETED_DEVICE_FAMILY = "1,2";
				VALIDATE_PRODUCT = YES;
			};
			name = Release;
		};
		D12649A4287747EF00958660 /* Debug */ = {
			isa = XCBuildConfiguration;
			buildSettings = {
				ASSETCATALOG_COMPILER_APPICON_NAME = AppIcon;
				ASSETCATALOG_COMPILER_GLOBAL_ACCENT_COLOR_NAME = AccentColor;
				CODE_SIGN_ENTITLEMENTS = macOS/macOS.entitlements;
				CODE_SIGN_STYLE = Automatic;
				COMBINE_HIDPI_IMAGES = YES;
				CURRENT_PROJECT_VERSION = 1;
				DEVELOPMENT_TEAM = Q6M6S5RN22;
				ENABLE_HARDENED_RUNTIME = YES;
				ENABLE_PREVIEWS = YES;
				GENERATE_INFOPLIST_FILE = YES;
				INFOPLIST_KEY_NSHumanReadableCopyright = "";
				LD_RUNPATH_SEARCH_PATHS = (
					"$(inherited)",
					"@executable_path/../Frameworks",
				);
				MACOSX_DEPLOYMENT_TARGET = 11.6;
				MARKETING_VERSION = 1.0;
				PRODUCT_BUNDLE_IDENTIFIER = "com.nycschool.-0220707-AlekhyaTondapu-NYCSchools";
				PRODUCT_NAME = "20220707-AlekhyaTondapu-NYCSchools";
				SDKROOT = macosx;
				SWIFT_EMIT_LOC_STRINGS = YES;
				SWIFT_VERSION = 5.0;
			};
			name = Debug;
		};
		D12649A5287747EF00958660 /* Release */ = {
			isa = XCBuildConfiguration;
			buildSettings = {
				ASSETCATALOG_COMPILER_APPICON_NAME = AppIcon;
				ASSETCATALOG_COMPILER_GLOBAL_ACCENT_COLOR_NAME = AccentColor;
				CODE_SIGN_ENTITLEMENTS = macOS/macOS.entitlements;
				CODE_SIGN_STYLE = Automatic;
				COMBINE_HIDPI_IMAGES = YES;
				CURRENT_PROJECT_VERSION = 1;
				DEVELOPMENT_TEAM = Q6M6S5RN22;
				ENABLE_HARDENED_RUNTIME = YES;
				ENABLE_PREVIEWS = YES;
				GENERATE_INFOPLIST_FILE = YES;
				INFOPLIST_KEY_NSHumanReadableCopyright = "";
				LD_RUNPATH_SEARCH_PATHS = (
					"$(inherited)",
					"@executable_path/../Frameworks",
				);
				MACOSX_DEPLOYMENT_TARGET = 11.6;
				MARKETING_VERSION = 1.0;
				PRODUCT_BUNDLE_IDENTIFIER = "com.nycschool.-0220707-AlekhyaTondapu-NYCSchools";
				PRODUCT_NAME = "20220707-AlekhyaTondapu-NYCSchools";
				SDKROOT = macosx;
				SWIFT_EMIT_LOC_STRINGS = YES;
				SWIFT_VERSION = 5.0;
			};
			name = Release;
		};
		D12649A7287747EF00958660 /* Debug */ = {
			isa = XCBuildConfiguration;
			buildSettings = {
				ALWAYS_EMBED_SWIFT_STANDARD_LIBRARIES = YES;
				CODE_SIGN_STYLE = Automatic;
				CURRENT_PROJECT_VERSION = 1;
				DEVELOPMENT_TEAM = Q6M6S5RN22;
				GENERATE_INFOPLIST_FILE = YES;
				IPHONEOS_DEPLOYMENT_TARGET = 15.2;
				MARKETING_VERSION = 1.0;
				PRODUCT_BUNDLE_IDENTIFIER = "com.nycschool.Tests-iOS";
				PRODUCT_NAME = "$(TARGET_NAME)";
				SDKROOT = iphoneos;
				SWIFT_EMIT_LOC_STRINGS = NO;
				SWIFT_VERSION = 5.0;
				TARGETED_DEVICE_FAMILY = "1,2";
				TEST_TARGET_NAME = "20220707-AlekhyaTondapu-NYCSchools (iOS)";
			};
			name = Debug;
		};
		D12649A8287747EF00958660 /* Release */ = {
			isa = XCBuildConfiguration;
			buildSettings = {
				ALWAYS_EMBED_SWIFT_STANDARD_LIBRARIES = YES;
				CODE_SIGN_STYLE = Automatic;
				CURRENT_PROJECT_VERSION = 1;
				DEVELOPMENT_TEAM = Q6M6S5RN22;
				GENERATE_INFOPLIST_FILE = YES;
				IPHONEOS_DEPLOYMENT_TARGET = 15.2;
				MARKETING_VERSION = 1.0;
				PRODUCT_BUNDLE_IDENTIFIER = "com.nycschool.Tests-iOS";
				PRODUCT_NAME = "$(TARGET_NAME)";
				SDKROOT = iphoneos;
				SWIFT_EMIT_LOC_STRINGS = NO;
				SWIFT_VERSION = 5.0;
				TARGETED_DEVICE_FAMILY = "1,2";
				TEST_TARGET_NAME = "20220707-AlekhyaTondapu-NYCSchools (iOS)";
				VALIDATE_PRODUCT = YES;
			};
			name = Release;
		};
		D12649AA287747EF00958660 /* Debug */ = {
			isa = XCBuildConfiguration;
			buildSettings = {
				ALWAYS_EMBED_SWIFT_STANDARD_LIBRARIES = YES;
				CODE_SIGN_STYLE = Automatic;
				CURRENT_PROJECT_VERSION = 1;
				DEVELOPMENT_TEAM = Q6M6S5RN22;
				GENERATE_INFOPLIST_FILE = YES;
				MACOSX_DEPLOYMENT_TARGET = 11.6;
				MARKETING_VERSION = 1.0;
				PRODUCT_BUNDLE_IDENTIFIER = "com.nycschool.Tests-macOS";
				PRODUCT_NAME = "$(TARGET_NAME)";
				SDKROOT = macosx;
				SWIFT_EMIT_LOC_STRINGS = NO;
				SWIFT_VERSION = 5.0;
				TEST_TARGET_NAME = "20220707-AlekhyaTondapu-NYCSchools (macOS)";
			};
			name = Debug;
		};
		D12649AB287747EF00958660 /* Release */ = {
			isa = XCBuildConfiguration;
			buildSettings = {
				ALWAYS_EMBED_SWIFT_STANDARD_LIBRARIES = YES;
				CODE_SIGN_STYLE = Automatic;
				CURRENT_PROJECT_VERSION = 1;
				DEVELOPMENT_TEAM = Q6M6S5RN22;
				GENERATE_INFOPLIST_FILE = YES;
				MACOSX_DEPLOYMENT_TARGET = 11.6;
				MARKETING_VERSION = 1.0;
				PRODUCT_BUNDLE_IDENTIFIER = "com.nycschool.Tests-macOS";
				PRODUCT_NAME = "$(TARGET_NAME)";
				SDKROOT = macosx;
				SWIFT_EMIT_LOC_STRINGS = NO;
				SWIFT_VERSION = 5.0;
				TEST_TARGET_NAME = "20220707-AlekhyaTondapu-NYCSchools (macOS)";
			};
			name = Release;
		};
/* End XCBuildConfiguration section */

/* Begin XCConfigurationList section */
		D126496E287747E800958660 /* Build configuration list for PBXProject "20220707-AlekhyaTondapu-NYCSchools" */ = {
			isa = XCConfigurationList;
			buildConfigurations = (
				D126499E287747EF00958660 /* Debug */,
				D126499F287747EF00958660 /* Release */,
			);
			defaultConfigurationIsVisible = 0;
			defaultConfigurationName = Release;
		};
		D12649A0287747EF00958660 /* Build configuration list for PBXNativeTarget "20220707-AlekhyaTondapu-NYCSchools (iOS)" */ = {
			isa = XCConfigurationList;
			buildConfigurations = (
				D12649A1287747EF00958660 /* Debug */,
				D12649A2287747EF00958660 /* Release */,
			);
			defaultConfigurationIsVisible = 0;
			defaultConfigurationName = Release;
		};
		D12649A3287747EF00958660 /* Build configuration list for PBXNativeTarget "20220707-AlekhyaTondapu-NYCSchools (macOS)" */ = {
			isa = XCConfigurationList;
			buildConfigurations = (
				D12649A4287747EF00958660 /* Debug */,
				D12649A5287747EF00958660 /* Release */,
			);
			defaultConfigurationIsVisible = 0;
			defaultConfigurationName = Release;
		};
		D12649A6287747EF00958660 /* Build configuration list for PBXNativeTarget "Tests iOS" */ = {
			isa = XCConfigurationList;
			buildConfigurations = (
				D12649A7287747EF00958660 /* Debug */,
				D12649A8287747EF00958660 /* Release */,
			);
			defaultConfigurationIsVisible = 0;
			defaultConfigurationName = Release;
		};
		D12649A9287747EF00958660 /* Build configuration list for PBXNativeTarget "Tests macOS" */ = {
			isa = XCConfigurationList;
			buildConfigurations = (
				D12649AA287747EF00958660 /* Debug */,
				D12649AB287747EF00958660 /* Release */,
			);
			defaultConfigurationIsVisible = 0;
			defaultConfigurationName = Release;
		};
/* End XCConfigurationList section */
	};
	rootObject = D126496B287747E800958660 /* Project object */;
}
